
Microsoft Visual Studio Solution File, Format Version 12.00
Project("{FAE04EC0-301F-11D3-BF4B-00C04F79EFBC}") = "PwrTlzDemo.TestClient", "PwrTlzDemo.TestClient\PwrTlzDemo.TestClient.csproj", "{0900A123-34B7-4133-BA24-FB887252A64F}"
EndProject
Project("{FAE04EC0-301F-11D3-BF4B-00C04F79EFBC}") = "PwrTlzDemo", "PwrTlzDemo\PwrTlzDemo.csproj", "{77D5B8F5-536B-46C4-A7BF-88EA61631D0F}"
EndProject
Global
	GlobalSection(SolutionConfigurationPlatforms) = preSolution
		Debug|Any CPU = Debug|Any CPU
		Release|Any CPU = Release|Any CPU
	EndGlobalSection
	GlobalSection(ProjectConfigurationPlatforms) = postSolution
		{0900A123-34B7-4133-BA24-FB887252A64F}.Debug|Any CPU.ActiveCfg = Debug|Any CPU
		{0900A123-34B7-4133-BA24-FB887252A64F}.Debug|Any CPU.Build.0 = Debug|Any CPU
		{0900A123-34B7-4133-BA24-FB887252A64F}.Release|Any CPU.ActiveCfg = Release|Any CPU
		{0900A123-34B7-4133-BA24-FB887252A64F}.Release|Any CPU.Build.0 = Release|Any CPU
		{77D5B8F5-536B-46C4-A7BF-88EA61631D0F}.Debug|Any CPU.ActiveCfg = Debug|Any CPU
		{77D5B8F5-536B-46C4-A7BF-88EA61631D0F}.Debug|Any CPU.Build.0 = Debug|Any CPU
		{77D5B8F5-536B-46C4-A7BF-88EA61631D0F}.Release|Any CPU.ActiveCfg = Release|Any CPU
		{77D5B8F5-536B-46C4-A7BF-88EA61631D0F}.Release|Any CPU.Build.0 = Release|Any CPU
	EndGlobalSection
EndGlobal
